{
    "_meta": {
        "hash": {
            "sha256": "ec13fb243dd25405b3cf15b4ec095b964f2782be93de7a6fd4de257adc8754be"
        },
        "pipfile-spec": 6,
        "requires": {
            "python_version": "3.8"
        },
        "sources": [
            {
                "name": "pypi",
                "url": "https://pypi.python.org/simple",
                "verify_ssl": true
            }
        ]
    },
    "default": {
        "aiohttp": {
            "hashes": [
                "sha256:1a4160579ffbc1b69e88cb6ca8bb0fbd4947dfcbf9fb1e2a4fc4c7a4a986c1fe",
                "sha256:206c0ccfcea46e1bddc91162449c20c72f308aebdcef4977420ef329c8fcc599",
                "sha256:2ad493de47a8f926386fa6d256832de3095ba285f325db917c7deae0b54a9fc8",
                "sha256:319b490a5e2beaf06891f6711856ea10591cfe84fe9f3e71a721aa8f20a0872a",
                "sha256:470e4c90da36b601676fe50c49a60d34eb8c6593780930b1aa4eea6f508dfa37",
                "sha256:60f4caa3b7f7a477f66ccdd158e06901e1d235d572283906276e3803f6b098f5",
                "sha256:66d64486172b032db19ea8522328b19cfb78a3e1e5b62ab6a0567f93f073dea0",
                "sha256:687461cd974722110d1763b45c5db4d2cdee8d50f57b00c43c7590d1dd77fc5c",
                "sha256:698cd7bc3c7d1b82bb728bae835724a486a8c376647aec336aa21a60113c3645",
                "sha256:797456399ffeef73172945708810f3277f794965eb6ec9bd3a0c007c0476be98",
                "sha256:a885432d3cabc1287bcf88ea94e1826d3aec57fd5da4a586afae4591b061d40d",
                "sha256:c506853ba52e516b264b106321c424d03f3ddef2813246432fa9d1cefd361c81",
                "sha256:fb83326d8295e8840e4ba774edf346e87eca78ba8a89c55d2690352842c15ba5"
            ],
            "version": "==3.6.3"
        },
        "appdirs": {
            "hashes": [
                "sha256:7d5d0167b2b1ba821647616af46a749d1c653740dd0d2415100fe26e27afdf41",
                "sha256:a841dacd6b99318a741b166adb07e19ee71a274450e68237b4650ca1055ab128"
            ],
            "version": "==1.4.4"
        },
        "async-timeout": {
            "hashes": [
                "sha256:0c3c816a028d47f659d6ff5c745cb2acf1f966da1fe5c19c77a70282b25f4c5f",
                "sha256:4291ca197d287d274d0b6cb5d6f8f8f82d434ed288f962539ff18cc9012f9ea3"
            ],
            "version": "==3.0.1"
        },
        "asyncio": {
            "hashes": [
                "sha256:83360ff8bc97980e4ff25c964c7bd3923d333d177aa4f7fb736b019f26c7cb41",
                "sha256:b62c9157d36187eca799c378e572c969f0da87cd5fc42ca372d92cdb06e7e1de",
                "sha256:c46a87b48213d7464f22d9a497b9eef8c1928b68320a2fa94240f969f6fec08c",
                "sha256:c4d18b22701821de07bd6aea8b53d21449ec0ec5680645e5317062ea21817d2d"
            ],
            "version": "==3.4.3"
        },
        "attrs": {
            "hashes": [
                "sha256:26b54ddbbb9ee1d34d5d3668dd37d6cf74990ab23c828c2888dccdceee395594",
                "sha256:fce7fc47dfc976152e82d53ff92fa0407700c21acd20886a13777a0d20e655dc"
            ],
            "version": "==20.2.0"
        },
        "beautifulsoup4": {
            "hashes": [
                "sha256:4c98143716ef1cb40bf7f39a8e3eec8f8b009509e74904ba3a7b315431577e35",
                "sha256:84729e322ad1d5b4d25f805bfa05b902dd96450f43842c4e99067d5e1369eb25",
                "sha256:fff47e031e34ec82bf17e00da8f592fe7de69aeea38be00523c04623c04fb666"
            ],
            "version": "==4.9.3"
        },
        "bs4": {
            "hashes": [
                "sha256:36ecea1fd7cc5c0c6e4a1ff075df26d50da647b75376626cc186e2212886dd3a"
            ],
            "index": "pypi",
            "version": "==0.0.1"
        },
        "certifi": {
            "hashes": [
                "sha256:5930595817496dd21bb8dc35dad090f1c2cd0adfaf21204bf6732ca5d8ee34d3",
                "sha256:8fc0819f1f30ba15bdb34cceffb9ef04d99f420f68eb75d901e9560b8749fc41"
            ],
            "version": "==2020.6.20"
        },
        "cfgv": {
            "hashes": [
                "sha256:32e43d604bbe7896fe7c248a9c2276447dbef840feb28fe20494f62af110211d",
                "sha256:cf22deb93d4bcf92f345a5c3cd39d3d41d6340adc60c78bbbd6588c384fda6a1"
            ],
            "version": "==3.2.0"
        },
        "chardet": {
            "hashes": [
                "sha256:84ab92ed1c4d4f16916e05906b6b75a6c0fb5db821cc65e70cbd64a3e2a5eaae",
                "sha256:fc323ffcaeaed0e0a02bf4d117757b98aed530d9ed4531e3e15460124c106691"
            ],
            "version": "==3.0.4"
        },
        "decorator": {
            "hashes": [
                "sha256:41fa54c2a0cc4ba648be4fd43cff00aedf5b9465c9bf18d64325bc225f08f760",
                "sha256:e3a62f0520172440ca0dcc823749319382e377f37f140a0b99ef45fecb84bfe7"
            ],
            "version": "==4.4.2"
        },
        "discord.py": {
            "hashes": [
                "sha256:2367359e31f6527f8a936751fc20b09d7495dd6a76b28c8fb13d4ca6c55b7563",
                "sha256:def00dc50cf36d21346d71bc89f0cad8f18f9a3522978dc18c7796287d47de8b"
            ],
            "index": "pypi",
            "version": "==1.5.1"
        },
        "distlib": {
            "hashes": [
                "sha256:8c09de2c67b3e7deef7184574fc060ab8a793e7adbb183d942c389c8b13c52fb",
                "sha256:edf6116872c863e1aa9d5bb7cb5e05a022c519a4594dc703843343a9ddd9bff1"
            ],
            "version": "==0.3.1"
        },
        "filelock": {
            "hashes": [
                "sha256:18d82244ee114f543149c66a6e0c14e9c4f8a1044b5cdaadd0f82159d6a6ff59",
                "sha256:929b7d63ec5b7d6b71b0fa5ac14e030b3f70b75747cef1b10da9b879fef15836"
            ],
            "version": "==3.0.12"
        },
        "identify": {
            "hashes": [
                "sha256:3139bf72d81dfd785b0a464e2776bd59bdc725b4cc10e6cf46b56a0db931c82e",
                "sha256:969d844b7a85d32a5f9ac4e163df6e846d73c87c8b75847494ee8f4bd2186421"
            ],
            "version": "==1.5.6"
        },
        "idna": {
            "hashes": [
                "sha256:b307872f855b18632ce0c21c5e45be78c0ea7ae4c15c828c20788b26921eb3f6",
                "sha256:b97d804b1e9b523befed77c48dacec60e6dcb0b5391d57af6a65a312a90648c0"
            ],
            "version": "==2.10"
        },
        "imageio": {
            "hashes": [
                "sha256:3604d751f03002e8e0e7650aa71d8d9148144a87daf17cb1f3228e80747f2e6b",
                "sha256:52ddbaeca2dccf53ba2d6dec5676ca7bc3b2403ef8b37f7da78b7654bb3e10f0"
            ],
            "version": "==2.9.0"
        },
        "imageio-ffmpeg": {
            "hashes": [
                "sha256:13b05b17a941a9f4a90b16910b1ffac159448cff051a153da8ba4b4343ffa195",
                "sha256:4aaa9cbd1e536143379ae474323d80f4c4a693fff0b023bab440ea5913db00ac",
                "sha256:596f9d1516972d9723c5bc6eb1849a29e3989a8cd20834b261a8c80fd9f8f6f5",
                "sha256:6ec658144ddfa0b25de5f82671729734a54cdf999ddd69a134999fe6a413f3e7",
                "sha256:8cd09469ae25d8a7083ee4033a43827aadacabebc47a87432222034d2c97e542"
            ],
            "version": "==0.4.2"
        },
        "lxml": {
            "hashes": [
                "sha256:0e89f5d422988c65e6936e4ec0fe54d6f73f3128c80eb7ecc3b87f595523607b",
                "sha256:189ad47203e846a7a4951c17694d845b6ade7917c47c64b29b86526eefc3adf5",
                "sha256:1d87936cb5801c557f3e981c9c193861264c01209cb3ad0964a16310ca1b3301",
                "sha256:211b3bcf5da70c2d4b84d09232534ad1d78320762e2c59dedc73bf01cb1fc45b",
                "sha256:2358809cc64394617f2719147a58ae26dac9e21bae772b45cfb80baa26bfca5d",
                "sha256:23c83112b4dada0b75789d73f949dbb4e8f29a0a3511647024a398ebd023347b",
                "sha256:24e811118aab6abe3ce23ff0d7d38932329c513f9cef849d3ee88b0f848f2aa9",
                "sha256:2d5896ddf5389560257bbe89317ca7bcb4e54a02b53a3e572e1ce4226512b51b",
                "sha256:2d6571c48328be4304aee031d2d5046cbc8aed5740c654575613c5a4f5a11311",
                "sha256:2e311a10f3e85250910a615fe194839a04a0f6bc4e8e5bb5cac221344e3a7891",
                "sha256:302160eb6e9764168e01d8c9ec6becddeb87776e81d3fcb0d97954dd51d48e0a",
                "sha256:3a7a380bfecc551cfd67d6e8ad9faa91289173bdf12e9cfafbd2bdec0d7b1ec1",
                "sha256:3d9b2b72eb0dbbdb0e276403873ecfae870599c83ba22cadff2db58541e72856",
                "sha256:475325e037fdf068e0c2140b818518cf6bc4aa72435c407a798b2db9f8e90810",
                "sha256:4b7572145054330c8e324a72d808c8c8fbe12be33368db28c39a255ad5f7fb51",
                "sha256:4fff34721b628cce9eb4538cf9a73d02e0f3da4f35a515773cce6f5fe413b360",
                "sha256:56eff8c6fb7bc4bcca395fdff494c52712b7a57486e4fbde34c31bb9da4c6cc4",
                "sha256:573b2f5496c7e9f4985de70b9bbb4719ffd293d5565513e04ac20e42e6e5583f",
                "sha256:7ecaef52fd9b9535ae5f01a1dd2651f6608e4ec9dc136fc4dfe7ebe3c3ddb230",
                "sha256:803a80d72d1f693aa448566be46ffd70882d1ad8fc689a2e22afe63035eb998a",
                "sha256:8862d1c2c020cb7a03b421a9a7b4fe046a208db30994fc8ff68c627a7915987f",
                "sha256:9b06690224258db5cd39a84e993882a6874676f5de582da57f3df3a82ead9174",
                "sha256:a71400b90b3599eb7bf241f947932e18a066907bf84617d80817998cee81e4bf",
                "sha256:bb252f802f91f59767dcc559744e91efa9df532240a502befd874b54571417bd",
                "sha256:be1ebf9cc25ab5399501c9046a7dcdaa9e911802ed0e12b7d620cd4bbf0518b3",
                "sha256:be7c65e34d1b50ab7093b90427cbc488260e4b3a38ef2435d65b62e9fa3d798a",
                "sha256:c0dac835c1a22621ffa5e5f999d57359c790c52bbd1c687fe514ae6924f65ef5",
                "sha256:c152b2e93b639d1f36ec5a8ca24cde4a8eefb2b6b83668fcd8e83a67badcb367",
                "sha256:d182eada8ea0de61a45a526aa0ae4bcd222f9673424e65315c35820291ff299c",
                "sha256:d18331ea905a41ae71596502bd4c9a2998902328bbabd29e3d0f5f8569fabad1",
                "sha256:d20d32cbb31d731def4b1502294ca2ee99f9249b63bc80e03e67e8f8e126dea8",
                "sha256:d4ad7fd3269281cb471ad6c7bafca372e69789540d16e3755dd717e9e5c9d82f",
                "sha256:d6f8c23f65a4bfe4300b85f1f40f6c32569822d08901db3b6454ab785d9117cc",
                "sha256:d84d741c6e35c9f3e7406cb7c4c2e08474c2a6441d59322a00dcae65aac6315d",
                "sha256:e65c221b2115a91035b55a593b6eb94aa1206fa3ab374f47c6dc10d364583ff9",
                "sha256:f98b6f256be6cec8dd308a8563976ddaff0bdc18b730720f6f4bee927ffe926f"
            ],
            "index": "pypi",
            "version": "==4.6.1"
        },
        "moviepy": {
            "hashes": [
                "sha256:2884e35d1788077db3ff89e763c5ba7bfddbd7ae9108c9bc809e7ba58fa433f5"
            ],
            "index": "pypi",
            "version": "==1.0.3"
        },
        "multidict": {
            "hashes": [
                "sha256:1ece5a3369835c20ed57adadc663400b5525904e53bae59ec854a5d36b39b21a",
                "sha256:275ca32383bc5d1894b6975bb4ca6a7ff16ab76fa622967625baeebcf8079000",
                "sha256:3750f2205b800aac4bb03b5ae48025a64e474d2c6cc79547988ba1d4122a09e2",
                "sha256:4538273208e7294b2659b1602490f4ed3ab1c8cf9dbdd817e0e9db8e64be2507",
                "sha256:5141c13374e6b25fe6bf092052ab55c0c03d21bd66c94a0e3ae371d3e4d865a5",
                "sha256:51a4d210404ac61d32dada00a50ea7ba412e6ea945bbe992e4d7a595276d2ec7",
                "sha256:5cf311a0f5ef80fe73e4f4c0f0998ec08f954a6ec72b746f3c179e37de1d210d",
                "sha256:6513728873f4326999429a8b00fc7ceddb2509b01d5fd3f3be7881a257b8d463",
                "sha256:7388d2ef3c55a8ba80da62ecfafa06a1c097c18032a501ffd4cabbc52d7f2b19",
                "sha256:9456e90649005ad40558f4cf51dbb842e32807df75146c6d940b6f5abb4a78f3",
                "sha256:c026fe9a05130e44157b98fea3ab12969e5b60691a276150db9eda71710cd10b",
                "sha256:d14842362ed4cf63751648e7672f7174c9818459d169231d03c56e84daf90b7c",
                "sha256:e0d072ae0f2a179c375f67e3da300b47e1a83293c554450b29c900e50afaae87",
                "sha256:f07acae137b71af3bb548bd8da720956a3bc9f9a0b87733e0899226a2317aeb7",
                "sha256:fbb77a75e529021e7c4a8d4e823d88ef4d23674a202be4f5addffc72cbb91430",
                "sha256:fcfbb44c59af3f8ea984de67ec7c306f618a3ec771c2843804069917a8f2e255",
                "sha256:feed85993dbdb1dbc29102f50bca65bdc68f2c0c8d352468c25b54874f23c39d"
            ],
            "version": "==4.7.6"
        },
        "nodeenv": {
            "hashes": [
                "sha256:5304d424c529c997bc888453aeaa6362d242b6b4631e90f3d4bf1b290f1c84a9",
                "sha256:ab45090ae383b716c4ef89e690c41ff8c2b257b85b309f01f3654df3d084bd7c"
            ],
            "version": "==1.5.0"
        },
        "numpy": {
            "hashes": [
                "sha256:04c7d4ebc5ff93d9822075ddb1751ff392a4375e5885299445fcebf877f179d5",
                "sha256:0bfd85053d1e9f60234f28f63d4a5147ada7f432943c113a11afcf3e65d9d4c8",
                "sha256:0c66da1d202c52051625e55a249da35b31f65a81cb56e4c69af0dfb8fb0125bf",
                "sha256:0d310730e1e793527065ad7dde736197b705d0e4c9999775f212b03c44a8484c",
                "sha256:1669ec8e42f169ff715a904c9b2105b6640f3f2a4c4c2cb4920ae8b2785dac65",
                "sha256:2117536e968abb7357d34d754e3733b0d7113d4c9f1d921f21a3d96dec5ff716",
                "sha256:3733640466733441295b0d6d3dcbf8e1ffa7e897d4d82903169529fd3386919a",
                "sha256:4339741994c775396e1a274dba3609c69ab0f16056c1077f18979bec2a2c2e6e",
                "sha256:51ee93e1fac3fe08ef54ff1c7f329db64d8a9c5557e6c8e908be9497ac76374b",
                "sha256:54045b198aebf41bf6bf4088012777c1d11703bf74461d70cd350c0af2182e45",
                "sha256:58d66a6b3b55178a1f8a5fe98df26ace76260a70de694d99577ddeab7eaa9a9d",
                "sha256:59f3d687faea7a4f7f93bd9665e5b102f32f3fa28514f15b126f099b7997203d",
                "sha256:62139af94728d22350a571b7c82795b9d59be77fc162414ada6c8b6a10ef5d02",
                "sha256:7118f0a9f2f617f921ec7d278d981244ba83c85eea197be7c5a4f84af80a9c3c",
                "sha256:7c6646314291d8f5ea900a7ea9c4261f834b5b62159ba2abe3836f4fa6705526",
                "sha256:967c92435f0b3ba37a4257c48b8715b76741410467e2bdb1097e8391fccfae15",
                "sha256:9a3001248b9231ed73894c773142658bab914645261275f675d86c290c37f66d",
                "sha256:aba1d5daf1144b956bc87ffb87966791f5e9f3e1f6fab3d7f581db1f5b598f7a",
                "sha256:addaa551b298052c16885fc70408d3848d4e2e7352de4e7a1e13e691abc734c1",
                "sha256:b594f76771bc7fc8a044c5ba303427ee67c17a09b36e1fa32bde82f5c419d17a",
                "sha256:c35a01777f81e7333bcf276b605f39c872e28295441c265cd0c860f4b40148c1",
                "sha256:cebd4f4e64cfe87f2039e4725781f6326a61f095bc77b3716502bed812b385a9",
                "sha256:d526fa58ae4aead839161535d59ea9565863bb0b0bdb3cc63214613fb16aced4",
                "sha256:d7ac33585e1f09e7345aa902c281bd777fdb792432d27fca857f39b70e5dd31c",
                "sha256:e6ddbdc5113628f15de7e4911c02aed74a4ccff531842c583e5032f6e5a179bd",
                "sha256:eb25c381d168daf351147713f49c626030dcff7a393d5caa62515d415a6071d8"
            ],
            "version": "==1.19.2"
        },
        "pillow": {
            "hashes": [
                "sha256:04d984e45a0b9815f4b407e8aadb50f25fbb82a605d89db927376e94c3adf371",
                "sha256:06e730451b70471c08b8a0ee7f18e7e1df310dba9c780bbfb730a13102b143db",
                "sha256:1f59596af2b3d64a9e43f9d6509b7a51db744d0eecc23297617c604e6823c6ae",
                "sha256:233513465a2f25fce537b965621866da3d1f02e15708f371dd4e19f0fb7b7711",
                "sha256:2696f1a6402c1a42ed12c5cd8adfb4b381c32d41e35a34b8ee544309ef854172",
                "sha256:2ca55a4443b463eec90528ac27be14d226b1c2b972178bc7d4d282ce89e47b6a",
                "sha256:30615e9115f976e00a938a28c7152562e8cf8e221ddacf4446dd8b20c0d97333",
                "sha256:3a77e7b9f8991b81d7be8e0b2deab05013cf3ebb24ac2b863d2979acb68c73dd",
                "sha256:54667c8ab16658cc0b7d824d8706b440d4db8382a3561042758bdfd48ca99298",
                "sha256:59304c67d12394815331eda95ec892bf54ad95e0aa7bc1ccd8e0a4a5a25d4bf3",
                "sha256:594f2f25b7bcfd9542c41b9df156fb5104f19f5fcefa51b1447f1d9f64c9cc14",
                "sha256:5b5dde5dcedc4e6f5a71d7654a3c6e189ced82e97d7896b1ca5a5c5e4e0e916f",
                "sha256:6bcea85f93fb2c94a1bcd35704c348a929a7fb24a0ec0cc2b9fcbb0046b87176",
                "sha256:718d7f0eb3351052023b33fe0f83fc9e3beeb7cbacbd0ff2b52524e2153e4598",
                "sha256:7c4a7ee37027ca716f42726b6f9fc491c13c843c7af559e0767dfab1ae9682d4",
                "sha256:87a855b64a9b692604f6339baa4f9913d06838df1b4ccf0cb899dd18f56ec03c",
                "sha256:8c006d52365c0a6bb41a07f9c8f9f458ae8170e0af3b8c49bf7089347066b97b",
                "sha256:8e29701229705615d3dcfc439c7c46f40f913e57c7fe322b1efc30d3f37d1287",
                "sha256:9b5b41737853bc49943864d5980dfb401a09e78ddb471e71291810ccdeadd712",
                "sha256:b04569ff215b85ce3e2954979d2d5e0bf84007e43ddcf84b632fc6bc18e07909",
                "sha256:b731d45764349313bd956c07bdc1d43803bb0ad2b11354328a074e416c7d84bc",
                "sha256:c12e33cb17e2e12049a49b77696ee479791a4e44e541fdc393ae043e1246389f",
                "sha256:c41442c3814afeba1f6f16fd70cdf312a2c73c6dee8dc3ac8926bb115713ad1d",
                "sha256:c4d743c5c91424965707c9c8edc58b7cb43c127dcaf191fbcd304e2082eef56a",
                "sha256:d6766fd28f4f47cf93280a57e3dc6a9d11bdada1a6e9f019b8c62b12bbc86f6a",
                "sha256:d904570afcdbec40eb6bdbe24cba8d95c0215a2c0cbbc9c16301045bc8504c1f",
                "sha256:e674be2f349ea810e221b0113bd4491f53584ac848d5bcc3b62443cfa11d9c40",
                "sha256:e6ac40f1a62a227eb00226eb64c9c82bc878a3ed700b5414d34c9be57be87e87",
                "sha256:f5270369c799b4405ed47d45c88c09fbd7942fc9fb9891c0dabf0b8c751b625d"
            ],
            "version": "==8.0.0"
        },
        "pre-commit": {
            "hashes": [
                "sha256:810aef2a2ba4f31eed1941fc270e72696a1ad5590b9751839c90807d0fff6b9a",
                "sha256:c54fd3e574565fe128ecc5e7d2f91279772ddb03f8729645fa812fe809084a70"
            ],
            "index": "pypi",
            "version": "==2.7.1"
        },
        "proglog": {
            "hashes": [
                "sha256:d8c4ccbf2138e0c5e3f3fc0d80dc51d7e69dcfe8bfde4cacb566725092a5b18d"
            ],
            "version": "==0.1.9"
        },
        "pyyaml": {
            "hashes": [
                "sha256:06a0d7ba600ce0b2d2fe2e78453a470b5a6e000a985dd4a4e54e436cc36b0e97",
                "sha256:240097ff019d7c70a4922b6869d8a86407758333f02203e0fc6ff79c5dcede76",
                "sha256:4f4b913ca1a7319b33cfb1369e91e50354d6f07a135f3b901aca02aa95940bd2",
                "sha256:69f00dca373f240f842b2931fb2c7e14ddbacd1397d57157a9b005a6a9942648",
                "sha256:73f099454b799e05e5ab51423c7bcf361c58d3206fa7b0d555426b1f4d9a3eaf",
                "sha256:74809a57b329d6cc0fdccee6318f44b9b8649961fa73144a98735b0aaf029f1f",
                "sha256:7739fc0fa8205b3ee8808aea45e968bc90082c10aef6ea95e855e10abf4a37b2",
                "sha256:95f71d2af0ff4227885f7a6605c37fd53d3a106fcab511b8860ecca9fcf400ee",
                "sha256:b8eac752c5e14d3eca0e6dd9199cd627518cb5ec06add0de9d32baeee6fe645d",
                "sha256:cc8955cfbfc7a115fa81d85284ee61147059a753344bc51098f3ccd69b0d7e0c",
                "sha256:d13155f591e6fcc1ec3b30685d50bf0711574e2c0dfffd7644babf8b5102ca1a"
            ],
            "version": "==5.3.1"
        },
        "requests": {
            "hashes": [
                "sha256:b3559a131db72c33ee969480840fff4bb6dd111de7dd27c8ee1f820f4f00231b",
                "sha256:fe75cc94a9443b9246fc7049224f75604b113c36acb93f87b80ed42c44cbb898"
            ],
            "version": "==2.24.0"
        },
        "rule34": {
            "hashes": [
                "sha256:60806da29ef5925c854ae5bc761c705a33914f1d88b2582ac6a4a1b4f65e92da",
                "sha256:ffb0894fae7358178165a026841e019969d5cbb5d442491197e0ffd2c07a1dfa"
            ],
            "index": "pypi",
            "version": "==1.7.4"
        },
        "six": {
            "hashes": [
                "sha256:30639c035cdb23534cd4aa2dd52c3bf48f06e5f4a941509c8bafd8ce11080259",
                "sha256:8b74bedcbbbaca38ff6d7491d76f2b06b3592611af620f8426e82dddb04a5ced"
            ],
            "version": "==1.15.0"
        },
        "soupsieve": {
            "hashes": [
                "sha256:1634eea42ab371d3d346309b93df7870a88610f0725d47528be902a0d95ecc55",
                "sha256:a59dc181727e95d25f781f0eb4fd1825ff45590ec8ff49eadfd7f1a537cc0232"
            ],
            "markers": "python_version >= '3.0'",
            "version": "==2.0.1"
        },
        "toml": {
            "hashes": [
                "sha256:926b612be1e5ce0634a2ca03470f95169cf16f939018233a670519cb4ac58b0f",
                "sha256:bda89d5935c2eac546d648028b9901107a595863cb36bae0c73ac804a9b4ce88"
            ],
            "version": "==0.10.1"
        },
        "tqdm": {
            "hashes": [
                "sha256:43ca183da3367578ebf2f1c2e3111d51ea161ed1dc4e6345b86e27c2a93beff7",
                "sha256:69dfa6714dee976e2425a9aab84b622675b7b1742873041e3db8a8e86132a4af"
            ],
            "version": "==4.50.2"
        },
        "urllib3": {
            "hashes": [
                "sha256:8d7eaa5a82a1cac232164990f04874c594c9453ec55eef02eab885aa02fc17a2",
                "sha256:f5321fbe4bf3fefa0efd0bfe7fb14e90909eb62a48ccda331726b4319897dd5e"
            ],
            "version": "==1.25.11"
        },
        "virtualenv": {
            "hashes": [
                "sha256:0ebc633426d7468664067309842c81edab11ae97fcaf27e8ad7f5748c89b431b",
                "sha256:2a72c80fa2ad8f4e2985c06e6fc12c3d60d060e410572f553c90619b0f6efaf3"
            ],
            "version": "==20.0.35"
        },
        "yarl": {
            "hashes": [
                "sha256:040b237f58ff7d800e6e0fd89c8439b841f777dd99b4a9cca04d6935564b9409",
                "sha256:17668ec6722b1b7a3a05cc0167659f6c95b436d25a36c2d52db0eca7d3f72593",
                "sha256:3a584b28086bc93c888a6c2aa5c92ed1ae20932f078c46509a66dce9ea5533f2",
                "sha256:4439be27e4eee76c7632c2427ca5e73703151b22cae23e64adb243a9c2f565d8",
                "sha256:48e918b05850fffb070a496d2b5f97fc31d15d94ca33d3d08a4f86e26d4e7c5d",
                "sha256:9102b59e8337f9874638fcfc9ac3734a0cfadb100e47d55c20d0dc6087fb4692",
                "sha256:9b930776c0ae0c691776f4d2891ebc5362af86f152dd0da463a6614074cb1b02",
                "sha256:b3b9ad80f8b68519cc3372a6ca85ae02cc5a8807723ac366b53c0f089db19e4a",
                "sha256:bc2f976c0e918659f723401c4f834deb8a8e7798a71be4382e024bcc3f7e23a8",
                "sha256:c22c75b5f394f3d47105045ea551e08a3e804dc7e01b37800ca35b58f856c3d6",
                "sha256:c52ce2883dc193824989a9b97a76ca86ecd1fa7955b14f87bf367a61b6232511",
                "sha256:ce584af5de8830d8701b8979b18fcf450cef9a382b1a3c8ef189bedc408faf1e",
                "sha256:da456eeec17fa8aa4594d9a9f27c0b1060b6a75f2419fe0c00609587b2695f4a",
                "sha256:db6db0f45d2c63ddb1a9d18d1b9b22f308e52c83638c26b422d520a815c4b3fb",
                "sha256:df89642981b94e7db5596818499c4b2219028f2a528c9c37cc1de45bf2fd3a3f",
                "sha256:f18d68f2be6bf0e89f1521af2b1bb46e66ab0018faafa81d70f358153170a317",
                "sha256:f379b7f83f23fe12823085cd6b906edc49df969eb99757f58ff382349a3303c6"
            ],
            "version": "==1.5.1"
        }
    },
    "develop": {}
}
